<?xml version="1.0" encoding="utf-8"?>
<Project ToolsVersion="4.0" xmlns="http://schemas.microsoft.com/developer/msbuild/2003">
  <ItemGroup>
    <Filter Include="Source Files">
      <UniqueIdentifier>{4FC737F1-C7A5-4376-A066-2A32D752A2FF}</UniqueIdentifier>
      <Extensions>cpp;c;cc;cxx;c++;cppm;ixx;def;odl;idl;hpj;bat;asm;asmx</Extensions>
    </Filter>
    <Filter Include="Header Files">
      <UniqueIdentifier>{93995380-89BD-4b04-88EB-625FBE52EBFB}</UniqueIdentifier>
      <Extensions>h;hh;hpp;hxx;h++;hm;inl;inc;ipp;xsd</Extensions>
    </Filter>
    <Filter Include="Resource Files">
      <UniqueIdentifier>{67DA6AB6-F800-4c08-8B7A-83BB121AAD01}</UniqueIdentifier>
      <Extensions>rc;ico;cur;bmp;dlg;rc2;rct;bin;rgs;gif;jpg;jpeg;jpe;resx;tiff;tif;png;wav;mfcribbon-ms</Extensions>
    </Filter>
    <Filter Include="Resource Files\Assets">
      <UniqueIdentifier>{a2a5a77e-932a-48c7-a60f-df262a136b3a}</UniqueIdentifier>
    </Filter>
    <Filter Include="Resource Files\Assets\Materials">
      <UniqueIdentifier>{0d8c25db-3752-43bd-a9c3-c614d67ef485}</UniqueIdentifier>
    </Filter>
    <Filter Include="Resource Files\Assets\Scenes">
      <UniqueIdentifier>{6955cec4-92cf-48e9-9b1d-14c25abd8686}</UniqueIdentifier>
    </Filter>
    <Filter Include="Resource Files\Assets\Shaders">
      <UniqueIdentifier>{fc252c91-7bd8-4f04-891b-40e41479fd73}</UniqueIdentifier>
    </Filter>
    <Filter Include="Resource Files\Assets\Shaders\FX">
      <UniqueIdentifier>{d011e0f2-18bb-4b63-982f-603e11b639d5}</UniqueIdentifier>
    </Filter>
    <Filter Include="Resource Files\Assets\Shaders\Lit">
      <UniqueIdentifier>{a78b392b-5bb8-42c4-b665-d3149828a6f3}</UniqueIdentifier>
    </Filter>
    <Filter Include="Resource Files\Assets\Shaders\Unlit">
      <UniqueIdentifier>{bd798c81-1be0-4ff2-85f3-124f020d948f}</UniqueIdentifier>
    </Filter>
  </ItemGroup>
  <ItemGroup>
    <ClCompile Include="Main.cpp">
      <Filter>Source Files</Filter>
    </ClCompile>
  </ItemGroup>
  <ItemGroup>
    <None Include="..\Build\Assets\Materials\Box.mtrl">
      <Filter>Resource Files\Assets\Materials</Filter>
    </None>
    <None Include="..\Build\Assets\Shaders\basic.frag">
      <Filter>Resource Files\Assets\Shaders</Filter>
    </None>
    <None Include="..\Build\Assets\Shaders\basic.prog">
      <Filter>Resource Files\Assets\Shaders</Filter>
    </None>
    <None Include="..\Build\Assets\Shaders\basic.vert">
      <Filter>Resource Files\Assets\Shaders</Filter>
    </None>
    <None Include="..\Build\Assets\Scenes\Basic.snc">
      <Filter>Resource Files\Assets\Scenes</Filter>
    </None>
    <None Include="..\Build\Assets\Shaders\basic_lit.frag">
      <Filter>Resource Files\Assets\Shaders</Filter>
    </None>
    <None Include="..\Build\Assets\Shaders\basic_lit.prog">
      <Filter>Resource Files\Assets\Shaders</Filter>
    </None>
    <None Include="..\Build\Assets\Shaders\basic_lit.vert">
      <Filter>Resource Files\Assets\Shaders</Filter>
    </None>
    <None Include="..\Build\Assets\Scenes\Basic_lit.snc">
      <Filter>Resource Files\Assets\Scenes</Filter>
    </None>
    <None Include="..\Build\Assets\Shaders\basic_phong.frag">
      <Filter>Resource Files\Assets\Shaders</Filter>
    </None>
    <None Include="..\Build\Assets\Shaders\basic_phong.vert">
      <Filter>Resource Files\Assets\Shaders</Filter>
    </None>
    <None Include="..\Build\Assets\Materials\Skull.mtrl">
      <Filter>Resource Files\Assets\Materials</Filter>
    </None>
    <None Include="..\Build\Assets\Materials\House.mtrl">
      <Filter>Resource Files\Assets\Materials</Filter>
    </None>
    <None Include="..\Build\Assets\Materials\Floor.mtrl">
      <Filter>Resource Files\Assets\Materials</Filter>
    </None>
    <None Include="..\Build\Assets\Materials\AllSeeingEye.mtrl">
      <Filter>Resource Files\Assets\Materials</Filter>
    </None>
    <None Include="..\Build\Assets\Scenes\Texture.snc">
      <Filter>Resource Files\Assets\Scenes</Filter>
    </None>
    <None Include="..\Build\Assets\Materials\Multi.mtrl">
      <Filter>Resource Files\Assets\Materials</Filter>
    </None>
    <None Include="..\Build\Assets\Shaders\basic_phong.prog">
      <Filter>Resource Files\Assets\Shaders</Filter>
    </None>
    <None Include="..\Build\Assets\Materials\MantisShrimp.mtrl">
      <Filter>Resource Files\Assets\Materials</Filter>
    </None>
    <None Include="..\Build\Assets\Materials\Octopus.mtrl">
      <Filter>Resource Files\Assets\Materials</Filter>
    </None>
    <None Include="..\Build\Assets\Materials\SkullEmoji.mtrl">
      <Filter>Resource Files\Assets\Materials</Filter>
    </None>
    <None Include="..\Build\Assets\Materials\Sloth.mtrl">
      <Filter>Resource Files\Assets\Materials</Filter>
    </None>
    <None Include="..\Build\Assets\Materials\Heisenbones.mtrl">
      <Filter>Resource Files\Assets\Materials</Filter>
    </None>
    <None Include="..\Build\Assets\Shaders\Lit\texture.frag">
      <Filter>Resource Files\Assets\Shaders\Lit</Filter>
    </None>
    <None Include="..\Build\Assets\Shaders\Lit\texture.prog">
      <Filter>Resource Files\Assets\Shaders\Lit</Filter>
    </None>
    <None Include="..\Build\Assets\Shaders\Lit\texture.vert">
      <Filter>Resource Files\Assets\Shaders\Lit</Filter>
    </None>
    <None Include="..\Build\Assets\Shaders\Lit\texture_normal.frag">
      <Filter>Resource Files\Assets\Shaders\Lit</Filter>
    </None>
    <None Include="..\Build\Assets\Shaders\Lit\texture_normal.prog">
      <Filter>Resource Files\Assets\Shaders\Lit</Filter>
    </None>
    <None Include="..\Build\Assets\Shaders\Lit\texture_normal.vert">
      <Filter>Resource Files\Assets\Shaders\Lit</Filter>
    </None>
    <None Include="..\Build\Assets\Shaders\Unlit\color.frag">
      <Filter>Resource Files\Assets\Shaders\Unlit</Filter>
    </None>
    <None Include="..\Build\Assets\Shaders\Unlit\color.prog">
      <Filter>Resource Files\Assets\Shaders\Unlit</Filter>
    </None>
    <None Include="..\Build\Assets\Shaders\Unlit\color.vert">
      <Filter>Resource Files\Assets\Shaders\Unlit</Filter>
    </None>
    <None Include="..\Build\Assets\Shaders\Unlit\texture.frag">
      <Filter>Resource Files\Assets\Shaders\Unlit</Filter>
    </None>
    <None Include="..\Build\Assets\Shaders\Unlit\texture.prog">
      <Filter>Resource Files\Assets\Shaders\Unlit</Filter>
    </None>
    <None Include="..\Build\Assets\Shaders\Unlit\texture.vert">
      <Filter>Resource Files\Assets\Shaders\Unlit</Filter>
    </None>
    <None Include="..\Build\Assets\Shaders\FX\cell.frag">
      <Filter>Resource Files\Assets\Shaders\FX</Filter>
    </None>
    <None Include="..\Build\Assets\Shaders\FX\cell.prog">
      <Filter>Resource Files\Assets\Shaders\FX</Filter>
    </None>
    <None Include="..\Build\Assets\Shaders\FX\cell.vert">
      <Filter>Resource Files\Assets\Shaders\FX</Filter>
    </None>
    <None Include="..\Build\Assets\Scenes\Cubemap.snc">
      <Filter>Resource Files\Assets\Scenes</Filter>
    </None>
    <None Include="..\Build\Assets\Materials\Skybox.mtrl">
      <Filter>Resource Files\Assets\Materials</Filter>
    </None>
    <None Include="..\Build\Assets\Shaders\FX\Skybox.frag">
      <Filter>Resource Files\Assets\Shaders\FX</Filter>
    </None>
    <None Include="..\Build\Assets\Shaders\FX\Skybox.prog">
      <Filter>Resource Files\Assets\Shaders\FX</Filter>
    </None>
    <None Include="..\Build\Assets\Shaders\FX\Skybox.vert">
      <Filter>Resource Files\Assets\Shaders\FX</Filter>
    </None>
    <None Include="..\Build\Assets\Shaders\FX\Reflection.frag">
      <Filter>Resource Files\Assets\Shaders\FX</Filter>
    </None>
    <None Include="..\Build\Assets\Shaders\FX\Reflection.prog">
      <Filter>Resource Files\Assets\Shaders\FX</Filter>
    </None>
    <None Include="..\Build\Assets\Shaders\FX\Reflection.vert">
      <Filter>Resource Files\Assets\Shaders\FX</Filter>
    </None>
    <None Include="..\Build\Assets\Materials\Reflection.mtrl">
      <Filter>Resource Files\Assets\Materials</Filter>
    </None>
    <None Include="..\Build\Assets\Shaders\FX\Refraction.frag">
      <Filter>Resource Files\Assets\Shaders\FX</Filter>
    </None>
    <None Include="..\Build\Assets\Shaders\FX\Refraction.prog">
      <Filter>Resource Files\Assets\Shaders\FX</Filter>
    </None>
    <None Include="..\Build\Assets\Shaders\FX\Refraction.vert">
      <Filter>Resource Files\Assets\Shaders\FX</Filter>
    </None>
    <None Include="..\Build\Assets\Materials\Refraction.mtrl">
      <Filter>Resource Files\Assets\Materials</Filter>
    </None>
    <None Include="..\Build\Assets\Shaders\FX\Reflect_Refract.frag">
      <Filter>Resource Files\Assets\Shaders\FX</Filter>
    </None>
    <None Include="..\Build\Assets\Shaders\FX\Reflect_Refract.prog">
      <Filter>Resource Files\Assets\Shaders\FX</Filter>
    </None>
    <None Include="..\Build\Assets\Shaders\FX\Reflect_Refract.vert">
      <Filter>Resource Files\Assets\Shaders\FX</Filter>
    </None>
  </ItemGroup>
</Project>